{
  "name": "gravity-vscode-theme",
  "version": "0.1.7",
  "lockfileVersion": 3,
  "requires": true,
  "packages": {
    "": {
      "name": "gravity-vscode-theme",
      "version": "0.1.7",
      "license": "MIT",
      "devDependencies": {
        "node-json-minify": "^3.0.0"
      },
      "engines": {
        "vscode": "^1.54.0"
      }
    },
    "node_modules/node-json-minify": {
      "version": "3.0.0",
      "resolved": "https://registry.npmjs.org/node-json-minify/-/node-json-minify-3.0.0.tgz",
      "integrity": "sha512-BH1dWvkrbrqoRjlxF17VCXa3W3UpynDPo8DRbbk7TiTyScbYPXJc4FSqEyS98trl1EYJ32+zA/WdE0dTPs7+yw==",
      "dev": true
    }
  }
}
